
Microsoft Visual Studio Solution File, Format Version 12.00
# Visual Studio 2012
Project("{FAE04EC0-301F-11D3-BF4B-00C04F79EFBC}") = "Frost", "Frost\Frost.csproj", "{87399C66-DB86-4BC6-92EA-BF8D1D9DADE7}"
EndProject
Project("{FAE04EC0-301F-11D3-BF4B-00C04F79EFBC}") = "FrostTest", "FrostTest\FrostTest.csproj", "{3493C997-A583-4BBC-BC09-168424667811}"
EndProject
Global
	GlobalSection(SolutionConfigurationPlatforms) = preSolution
		Debug|Any CPU = Debug|Any CPU
		Release|Any CPU = Release|Any CPU
	EndGlobalSection
	GlobalSection(ProjectConfigurationPlatforms) = postSolution
		{87399C66-DB86-4BC6-92EA-BF8D1D9DADE7}.Debug|Any CPU.ActiveCfg = Debug|Any CPU
		{87399C66-DB86-4BC6-92EA-BF8D1D9DADE7}.Debug|Any CPU.Build.0 = Debug|Any CPU
		{87399C66-DB86-4BC6-92EA-BF8D1D9DADE7}.Release|Any CPU.ActiveCfg = Release|Any CPU
		{87399C66-DB86-4BC6-92EA-BF8D1D9DADE7}.Release|Any CPU.Build.0 = Release|Any CPU
		{3493C997-A583-4BBC-BC09-168424667811}.Debug|Any CPU.ActiveCfg = Debug|Any CPU
		{3493C997-A583-4BBC-BC09-168424667811}.Debug|Any CPU.Build.0 = Debug|Any CPU
		{3493C997-A583-4BBC-BC09-168424667811}.Release|Any CPU.ActiveCfg = Release|Any CPU
		{3493C997-A583-4BBC-BC09-168424667811}.Release|Any CPU.Build.0 = Release|Any CPU
	EndGlobalSection
	GlobalSection(SolutionProperties) = preSolution
		HideSolutionNode = FALSE
	EndGlobalSection
EndGlobal
