
Microsoft Visual Studio Solution File, Format Version 12.00
# Visual Studio 2012
Project("{FAE04EC0-301F-11D3-BF4B-00C04F79EFBC}") = "Frost", "Frost\Frost.csproj", "{87399C66-DB86-4BC6-92EA-BF8D1D9DADE7}"
	ProjectSection(ProjectDependencies) = postProject
		{B64F778C-0FFF-4CE1-9BD7-996CE85D0ABD} = {B64F778C-0FFF-4CE1-9BD7-996CE85D0ABD}
	EndProjectSection
EndProject
Project("{FAE04EC0-301F-11D3-BF4B-00C04F79EFBC}") = "Frost Serialization", "FrostSerialization\Frost Serialization.csproj", "{B64F778C-0FFF-4CE1-9BD7-996CE85D0ABD}"
EndProject
Project("{FAE04EC0-301F-11D3-BF4B-00C04F79EFBC}") = "Tnt Editor", "TntEditor\Tnt Editor.csproj", "{C383E12C-5A23-4531-964E-AD4D200B61E3}"
EndProject
Project("{FAE04EC0-301F-11D3-BF4B-00C04F79EFBC}") = "Resource Packager", "Resource Packager\Resource Packager.csproj", "{4CC925FC-3B83-4BA4-874A-8D64CDD9987A}"
EndProject
Project("{FAE04EC0-301F-11D3-BF4B-00C04F79EFBC}") = "Resource Packager GUI", "Resource Packager GUI\Resource Packager GUI.csproj", "{B55EDE2A-20AC-4959-8655-E1E0391748FD}"
	ProjectSection(ProjectDependencies) = postProject
		{B64F778C-0FFF-4CE1-9BD7-996CE85D0ABD} = {B64F778C-0FFF-4CE1-9BD7-996CE85D0ABD}
	EndProjectSection
EndProject
Project("{FAE04EC0-301F-11D3-BF4B-00C04F79EFBC}") = "Test Game", "Test Game\Test Game.csproj", "{D96AF0F4-FFD1-430A-B49A-4D775AED1920}"
EndProject
Global
	GlobalSection(SolutionConfigurationPlatforms) = preSolution
		Debug|Any CPU = Debug|Any CPU
		Debug|Mixed Platforms = Debug|Mixed Platforms
		Debug|x86 = Debug|x86
		Release|Any CPU = Release|Any CPU
		Release|Mixed Platforms = Release|Mixed Platforms
		Release|x86 = Release|x86
	EndGlobalSection
	GlobalSection(ProjectConfigurationPlatforms) = postSolution
		{87399C66-DB86-4BC6-92EA-BF8D1D9DADE7}.Debug|Any CPU.ActiveCfg = Debug|Any CPU
		{87399C66-DB86-4BC6-92EA-BF8D1D9DADE7}.Debug|Any CPU.Build.0 = Debug|Any CPU
		{87399C66-DB86-4BC6-92EA-BF8D1D9DADE7}.Debug|Mixed Platforms.ActiveCfg = Debug|Any CPU
		{87399C66-DB86-4BC6-92EA-BF8D1D9DADE7}.Debug|Mixed Platforms.Build.0 = Debug|Any CPU
		{87399C66-DB86-4BC6-92EA-BF8D1D9DADE7}.Debug|x86.ActiveCfg = Debug|Any CPU
		{87399C66-DB86-4BC6-92EA-BF8D1D9DADE7}.Release|Any CPU.ActiveCfg = Release|Any CPU
		{87399C66-DB86-4BC6-92EA-BF8D1D9DADE7}.Release|Any CPU.Build.0 = Release|Any CPU
		{87399C66-DB86-4BC6-92EA-BF8D1D9DADE7}.Release|Mixed Platforms.ActiveCfg = Release|Any CPU
		{87399C66-DB86-4BC6-92EA-BF8D1D9DADE7}.Release|Mixed Platforms.Build.0 = Release|Any CPU
		{87399C66-DB86-4BC6-92EA-BF8D1D9DADE7}.Release|x86.ActiveCfg = Release|Any CPU
		{B64F778C-0FFF-4CE1-9BD7-996CE85D0ABD}.Debug|Any CPU.ActiveCfg = Debug|Any CPU
		{B64F778C-0FFF-4CE1-9BD7-996CE85D0ABD}.Debug|Any CPU.Build.0 = Debug|Any CPU
		{B64F778C-0FFF-4CE1-9BD7-996CE85D0ABD}.Debug|Mixed Platforms.ActiveCfg = Debug|Any CPU
		{B64F778C-0FFF-4CE1-9BD7-996CE85D0ABD}.Debug|Mixed Platforms.Build.0 = Debug|Any CPU
		{B64F778C-0FFF-4CE1-9BD7-996CE85D0ABD}.Debug|x86.ActiveCfg = Debug|Any CPU
		{B64F778C-0FFF-4CE1-9BD7-996CE85D0ABD}.Release|Any CPU.ActiveCfg = Release|Any CPU
		{B64F778C-0FFF-4CE1-9BD7-996CE85D0ABD}.Release|Any CPU.Build.0 = Release|Any CPU
		{B64F778C-0FFF-4CE1-9BD7-996CE85D0ABD}.Release|Mixed Platforms.ActiveCfg = Release|Any CPU
		{B64F778C-0FFF-4CE1-9BD7-996CE85D0ABD}.Release|Mixed Platforms.Build.0 = Release|Any CPU
		{B64F778C-0FFF-4CE1-9BD7-996CE85D0ABD}.Release|x86.ActiveCfg = Release|Any CPU
		{C383E12C-5A23-4531-964E-AD4D200B61E3}.Debug|Any CPU.ActiveCfg = Debug|x86
		{C383E12C-5A23-4531-964E-AD4D200B61E3}.Debug|Any CPU.Build.0 = Debug|x86
		{C383E12C-5A23-4531-964E-AD4D200B61E3}.Debug|Mixed Platforms.ActiveCfg = Debug|x86
		{C383E12C-5A23-4531-964E-AD4D200B61E3}.Debug|Mixed Platforms.Build.0 = Debug|x86
		{C383E12C-5A23-4531-964E-AD4D200B61E3}.Debug|x86.ActiveCfg = Debug|x86
		{C383E12C-5A23-4531-964E-AD4D200B61E3}.Debug|x86.Build.0 = Debug|x86
		{C383E12C-5A23-4531-964E-AD4D200B61E3}.Release|Any CPU.ActiveCfg = Release|x86
		{C383E12C-5A23-4531-964E-AD4D200B61E3}.Release|Any CPU.Build.0 = Release|x86
		{C383E12C-5A23-4531-964E-AD4D200B61E3}.Release|Mixed Platforms.ActiveCfg = Release|x86
		{C383E12C-5A23-4531-964E-AD4D200B61E3}.Release|Mixed Platforms.Build.0 = Release|x86
		{C383E12C-5A23-4531-964E-AD4D200B61E3}.Release|x86.ActiveCfg = Release|x86
		{C383E12C-5A23-4531-964E-AD4D200B61E3}.Release|x86.Build.0 = Release|x86
		{4CC925FC-3B83-4BA4-874A-8D64CDD9987A}.Debug|Any CPU.ActiveCfg = Debug|Any CPU
		{4CC925FC-3B83-4BA4-874A-8D64CDD9987A}.Debug|Any CPU.Build.0 = Debug|Any CPU
		{4CC925FC-3B83-4BA4-874A-8D64CDD9987A}.Debug|Mixed Platforms.ActiveCfg = Debug|Any CPU
		{4CC925FC-3B83-4BA4-874A-8D64CDD9987A}.Debug|Mixed Platforms.Build.0 = Debug|Any CPU
		{4CC925FC-3B83-4BA4-874A-8D64CDD9987A}.Debug|x86.ActiveCfg = Debug|Any CPU
		{4CC925FC-3B83-4BA4-874A-8D64CDD9987A}.Release|Any CPU.ActiveCfg = Release|Any CPU
		{4CC925FC-3B83-4BA4-874A-8D64CDD9987A}.Release|Any CPU.Build.0 = Release|Any CPU
		{4CC925FC-3B83-4BA4-874A-8D64CDD9987A}.Release|Mixed Platforms.ActiveCfg = Release|Any CPU
		{4CC925FC-3B83-4BA4-874A-8D64CDD9987A}.Release|Mixed Platforms.Build.0 = Release|Any CPU
		{4CC925FC-3B83-4BA4-874A-8D64CDD9987A}.Release|x86.ActiveCfg = Release|Any CPU
		{B55EDE2A-20AC-4959-8655-E1E0391748FD}.Debug|Any CPU.ActiveCfg = Debug|Any CPU
		{B55EDE2A-20AC-4959-8655-E1E0391748FD}.Debug|Any CPU.Build.0 = Debug|Any CPU
		{B55EDE2A-20AC-4959-8655-E1E0391748FD}.Debug|Mixed Platforms.ActiveCfg = Debug|Any CPU
		{B55EDE2A-20AC-4959-8655-E1E0391748FD}.Debug|Mixed Platforms.Build.0 = Debug|Any CPU
		{B55EDE2A-20AC-4959-8655-E1E0391748FD}.Debug|x86.ActiveCfg = Debug|Any CPU
		{B55EDE2A-20AC-4959-8655-E1E0391748FD}.Release|Any CPU.ActiveCfg = Release|Any CPU
		{B55EDE2A-20AC-4959-8655-E1E0391748FD}.Release|Any CPU.Build.0 = Release|Any CPU
		{B55EDE2A-20AC-4959-8655-E1E0391748FD}.Release|Mixed Platforms.ActiveCfg = Release|Any CPU
		{B55EDE2A-20AC-4959-8655-E1E0391748FD}.Release|Mixed Platforms.Build.0 = Release|Any CPU
		{B55EDE2A-20AC-4959-8655-E1E0391748FD}.Release|x86.ActiveCfg = Release|Any CPU
		{D96AF0F4-FFD1-430A-B49A-4D775AED1920}.Debug|Any CPU.ActiveCfg = Debug|x86
		{D96AF0F4-FFD1-430A-B49A-4D775AED1920}.Debug|Any CPU.Build.0 = Debug|x86
		{D96AF0F4-FFD1-430A-B49A-4D775AED1920}.Debug|Mixed Platforms.ActiveCfg = Debug|x86
		{D96AF0F4-FFD1-430A-B49A-4D775AED1920}.Debug|Mixed Platforms.Build.0 = Debug|x86
		{D96AF0F4-FFD1-430A-B49A-4D775AED1920}.Debug|x86.ActiveCfg = Debug|x86
		{D96AF0F4-FFD1-430A-B49A-4D775AED1920}.Debug|x86.Build.0 = Debug|x86
		{D96AF0F4-FFD1-430A-B49A-4D775AED1920}.Release|Any CPU.ActiveCfg = Release|x86
		{D96AF0F4-FFD1-430A-B49A-4D775AED1920}.Release|Any CPU.Build.0 = Release|x86
		{D96AF0F4-FFD1-430A-B49A-4D775AED1920}.Release|Mixed Platforms.ActiveCfg = Release|x86
		{D96AF0F4-FFD1-430A-B49A-4D775AED1920}.Release|Mixed Platforms.Build.0 = Release|x86
		{D96AF0F4-FFD1-430A-B49A-4D775AED1920}.Release|x86.ActiveCfg = Release|x86
		{D96AF0F4-FFD1-430A-B49A-4D775AED1920}.Release|x86.Build.0 = Release|x86
	EndGlobalSection
	GlobalSection(SolutionProperties) = preSolution
		HideSolutionNode = FALSE
	EndGlobalSection
	GlobalSection(Performance) = preSolution
		HasPerformanceSessions = true
	EndGlobalSection
EndGlobal
